
Microsoft Visual Studio Solution File, Format Version 12.00
# Visual Studio Version 17
VisualStudioVersion = 17.11.35312.102
MinimumVisualStudioVersion = 10.0.40219.1
Project("{9A19103F-16F7-4668-BE54-9A1E7A4F7556}") = "HelpDesk.Api", "HelpDesk.Api\HelpDesk.Api.csproj", "{6F58D338-C90D-42D0-8263-33B18786E711}"
EndProject
Project("{FAE04EC0-301F-11D3-BF4B-00C04F79EFBC}") = "SoftwareCenterMessages", "SoftwareCenterMessages\SoftwareCenterMessages.csproj", "{619E6BF8-42AA-468C-881C-9A85FFEA6462}"
EndProject
Global
	GlobalSection(SolutionConfigurationPlatforms) = preSolution
		Debug|Any CPU = Debug|Any CPU
		Release|Any CPU = Release|Any CPU
	EndGlobalSection
	GlobalSection(ProjectConfigurationPlatforms) = postSolution
		{6F58D338-C90D-42D0-8263-33B18786E711}.Debug|Any CPU.ActiveCfg = Debug|Any CPU
		{6F58D338-C90D-42D0-8263-33B18786E711}.Debug|Any CPU.Build.0 = Debug|Any CPU
		{6F58D338-C90D-42D0-8263-33B18786E711}.Release|Any CPU.ActiveCfg = Release|Any CPU
		{6F58D338-C90D-42D0-8263-33B18786E711}.Release|Any CPU.Build.0 = Release|Any CPU
		{619E6BF8-42AA-468C-881C-9A85FFEA6462}.Debug|Any CPU.ActiveCfg = Debug|Any CPU
		{619E6BF8-42AA-468C-881C-9A85FFEA6462}.Debug|Any CPU.Build.0 = Debug|Any CPU
		{619E6BF8-42AA-468C-881C-9A85FFEA6462}.Release|Any CPU.ActiveCfg = Release|Any CPU
		{619E6BF8-42AA-468C-881C-9A85FFEA6462}.Release|Any CPU.Build.0 = Release|Any CPU
	EndGlobalSection
	GlobalSection(SolutionProperties) = preSolution
		HideSolutionNode = FALSE
	EndGlobalSection
	GlobalSection(ExtensibilityGlobals) = postSolution
		SolutionGuid = {27934F09-016B-4ACC-855B-4A353D2995DD}
	EndGlobalSection
EndGlobal
